// !$*UTF8*$!
{
	archiveVersion = 1;
	classes = {
	};
	objectVersion = 56;
	objects = {

/* Begin PBXBuildFile section */
		F33A3AA229D6B11E00E2FC8F /* product23_03_31App.swift in Sources */ = {isa = PBXBuildFile; fileRef = F33A3AA129D6B11E00E2FC8F /* product23_03_31App.swift */; };
		F33A3AA429D6B11E00E2FC8F /* ContentView.swift in Sources */ = {isa = PBXBuildFile; fileRef = F33A3AA329D6B11E00E2FC8F /* ContentView.swift */; };
		F33A3AA629D6B11F00E2FC8F /* Assets.xcassets in Resources */ = {isa = PBXBuildFile; fileRef = F33A3AA529D6B11F00E2FC8F /* Assets.xcassets */; };
		F33A3AA929D6B11F00E2FC8F /* Preview Assets.xcassets in Resources */ = {isa = PBXBuildFile; fileRef = F33A3AA829D6B11F00E2FC8F /* Preview Assets.xcassets */; };
		F33A3AB329D6B11F00E2FC8F /* product23_03_31Tests.swift in Sources */ = {isa = PBXBuildFile; fileRef = F33A3AB229D6B11F00E2FC8F /* product23_03_31Tests.swift */; };
		F33A3ABD29D6B11F00E2FC8F /* product23_03_31UITests.swift in Sources */ = {isa = PBXBuildFile; fileRef = F33A3ABC29D6B11F00E2FC8F /* product23_03_31UITests.swift */; };
		F33A3ABF29D6B11F00E2FC8F /* product23_03_31UITestsLaunchTests.swift in Sources */ = {isa = PBXBuildFile; fileRef = F33A3ABE29D6B11F00E2FC8F /* product23_03_31UITestsLaunchTests.swift */; };
		F33A3ACC29D6BEB600E2FC8F /* Country.swift in Sources */ = {isa = PBXBuildFile; fileRef = F33A3ACB29D6BEB600E2FC8F /* Country.swift */; };
		F3A10D6529E930420006550B /* CountryDetailView.swift in Sources */ = {isa = PBXBuildFile; fileRef = F3A10D6429E930420006550B /* CountryDetailView.swift */; };
/* End PBXBuildFile section */

/* Begin PBXContainerItemProxy section */
		F33A3AAF29D6B11F00E2FC8F /* PBXContainerItemProxy */ = {
			isa = PBXContainerItemProxy;
			containerPortal = F33A3A9629D6B11E00E2FC8F /* Project object */;
			proxyType = 1;
			remoteGlobalIDString = F33A3A9D29D6B11E00E2FC8F;
			remoteInfo = "product23-03-31";
		};
		F33A3AB929D6B11F00E2FC8F /* PBXContainerItemProxy */ = {
			isa = PBXContainerItemProxy;
			containerPortal = F33A3A9629D6B11E00E2FC8F /* Project object */;
			proxyType = 1;
			remoteGlobalIDString = F33A3A9D29D6B11E00E2FC8F;
			remoteInfo = "product23-03-31";
		};
/* End PBXContainerItemProxy section */

/* Begin PBXFileReference section */
		F33A3A9E29D6B11E00E2FC8F /* product23-03-31.app */ = {isa = PBXFileReference; explicitFileType = wrapper.application; includeInIndex = 0; path = "product23-03-31.app"; sourceTree = BUILT_PRODUCTS_DIR; };
		F33A3AA129D6B11E00E2FC8F /* product23_03_31App.swift */ = {isa = PBXFileReference; lastKnownFileType = sourcecode.swift; path = product23_03_31App.swift; sourceTree = "<group>"; };
		F33A3AA329D6B11E00E2FC8F /* ContentView.swift */ = {isa = PBXFileReference; lastKnownFileType = sourcecode.swift; path = ContentView.swift; sourceTree = "<group>"; };
		F33A3AA529D6B11F00E2FC8F /* Assets.xcassets */ = {isa = PBXFileReference; lastKnownFileType = folder.assetcatalog; path = Assets.xcassets; sourceTree = "<group>"; };
		F33A3AA829D6B11F00E2FC8F /* Preview Assets.xcassets */ = {isa = PBXFileReference; lastKnownFileType = folder.assetcatalog; path = "Preview Assets.xcassets"; sourceTree = "<group>"; };
		F33A3AAE29D6B11F00E2FC8F /* product23-03-31Tests.xctest */ = {isa = PBXFileReference; explicitFileType = wrapper.cfbundle; includeInIndex = 0; path = "product23-03-31Tests.xctest"; sourceTree = BUILT_PRODUCTS_DIR; };
		F33A3AB229D6B11F00E2FC8F /* product23_03_31Tests.swift */ = {isa = PBXFileReference; lastKnownFileType = sourcecode.swift; path = product23_03_31Tests.swift; sourceTree = "<group>"; };
		F33A3AB829D6B11F00E2FC8F /* product23-03-31UITests.xctest */ = {isa = PBXFileReference; explicitFileType = wrapper.cfbundle; includeInIndex = 0; path = "product23-03-31UITests.xctest"; sourceTree = BUILT_PRODUCTS_DIR; };
		F33A3ABC29D6B11F00E2FC8F /* product23_03_31UITests.swift */ = {isa = PBXFileReference; lastKnownFileType = sourcecode.swift; path = product23_03_31UITests.swift; sourceTree = "<group>"; };
		F33A3ABE29D6B11F00E2FC8F /* product23_03_31UITestsLaunchTests.swift */ = {isa = PBXFileReference; lastKnownFileType = sourcecode.swift; path = product23_03_31UITestsLaunchTests.swift; sourceTree = "<group>"; };
		F33A3ACB29D6BEB600E2FC8F /* Country.swift */ = {isa = PBXFileReference; lastKnownFileType = sourcecode.swift; path = Country.swift; sourceTree = "<group>"; };
		F3A10D6429E930420006550B /* CountryDetailView.swift */ = {isa = PBXFileReference; lastKnownFileType = sourcecode.swift; path = CountryDetailView.swift; sourceTree = "<group>"; };
/* End PBXFileReference section */

/* Begin PBXFrameworksBuildPhase section */
		F33A3A9B29D6B11E00E2FC8F /* Frameworks */ = {
			isa = PBXFrameworksBuildPhase;
			buildActionMask = 2147483647;
			files = (
			);
			runOnlyForDeploymentPostprocessing = 0;
		};
		F33A3AAB29D6B11F00E2FC8F /* Frameworks */ = {
			isa = PBXFrameworksBuildPhase;
			buildActionMask = 2147483647;
			files = (
			);
			runOnlyForDeploymentPostprocessing = 0;
		};
		F33A3AB529D6B11F00E2FC8F /* Frameworks */ = {
			isa = PBXFrameworksBuildPhase;
			buildActionMask = 2147483647;
			files = (
			);
			runOnlyForDeploymentPostprocessing = 0;
		};
/* End PBXFrameworksBuildPhase section */

/* Begin PBXGroup section */
		F33A3A9529D6B11E00E2FC8F = {
			isa = PBXGroup;
			children = (
				F33A3AA029D6B11E00E2FC8F /* product23-03-31 */,
				F33A3AB129D6B11F00E2FC8F /* product23-03-31Tests */,
				F33A3ABB29D6B11F00E2FC8F /* product23-03-31UITests */,
				F33A3A9F29D6B11E00E2FC8F /* Products */,
			);
			sourceTree = "<group>";
		};
		F33A3A9F29D6B11E00E2FC8F /* Products */ = {
			isa = PBXGroup;
			children = (
				F33A3A9E29D6B11E00E2FC8F /* product23-03-31.app */,
				F33A3AAE29D6B11F00E2FC8F /* product23-03-31Tests.xctest */,
				F33A3AB829D6B11F00E2FC8F /* product23-03-31UITests.xctest */,
			);
			name = Products;
			sourceTree = "<group>";
		};
		F33A3AA029D6B11E00E2FC8F /* product23-03-31 */ = {
			isa = PBXGroup;
			children = (
				F33A3AA129D6B11E00E2FC8F /* product23_03_31App.swift */,
				F33A3AA329D6B11E00E2FC8F /* ContentView.swift */,
				F3A10D6429E930420006550B /* CountryDetailView.swift */,
				F33A3ACB29D6BEB600E2FC8F /* Country.swift */,
				F33A3AA529D6B11F00E2FC8F /* Assets.xcassets */,
				F33A3AA729D6B11F00E2FC8F /* Preview Content */,
			);
			path = "product23-03-31";
			sourceTree = "<group>";
		};
		F33A3AA729D6B11F00E2FC8F /* Preview Content */ = {
			isa = PBXGroup;
			children = (
				F33A3AA829D6B11F00E2FC8F /* Preview Assets.xcassets */,
			);
			path = "Preview Content";
			sourceTree = "<group>";
		};
		F33A3AB129D6B11F00E2FC8F /* product23-03-31Tests */ = {
			isa = PBXGroup;
			children = (
				F33A3AB229D6B11F00E2FC8F /* product23_03_31Tests.swift */,
			);
			path = "product23-03-31Tests";
			sourceTree = "<group>";
		};
		F33A3ABB29D6B11F00E2FC8F /* product23-03-31UITests */ = {
			isa = PBXGroup;
			children = (
				F33A3ABC29D6B11F00E2FC8F /* product23_03_31UITests.swift */,
				F33A3ABE29D6B11F00E2FC8F /* product23_03_31UITestsLaunchTests.swift */,
			);
			path = "product23-03-31UITests";
			sourceTree = "<group>";
		};
/* End PBXGroup section */

/* Begin PBXNativeTarget section */
		F33A3A9D29D6B11E00E2FC8F /* product23-03-31 */ = {
			isa = PBXNativeTarget;
			buildConfigurationList = F33A3AC229D6B11F00E2FC8F /* Build configuration list for PBXNativeTarget "product23-03-31" */;
			buildPhases = (
				F33A3A9A29D6B11E00E2FC8F /* Sources */,
				F33A3A9B29D6B11E00E2FC8F /* Frameworks */,
				F33A3A9C29D6B11E00E2FC8F /* Resources */,
			);
			buildRules = (
			);
			dependencies = (
			);
			name = "product23-03-31";
			productName = "product23-03-31";
			productReference = F33A3A9E29D6B11E00E2FC8F /* product23-03-31.app */;
			productType = "com.apple.product-type.application";
		};
		F33A3AAD29D6B11F00E2FC8F /* product23-03-31Tests */ = {
			isa = PBXNativeTarget;
			buildConfigurationList = F33A3AC529D6B11F00E2FC8F /* Build configuration list for PBXNativeTarget "product23-03-31Tests" */;
			buildPhases = (
				F33A3AAA29D6B11F00E2FC8F /* Sources */,
				F33A3AAB29D6B11F00E2FC8F /* Frameworks */,
				F33A3AAC29D6B11F00E2FC8F /* Resources */,
			);
			buildRules = (
			);
			dependencies = (
				F33A3AB029D6B11F00E2FC8F /* PBXTargetDependency */,
			);
			name = "product23-03-31Tests";
			productName = "product23-03-31Tests";
			productReference = F33A3AAE29D6B11F00E2FC8F /* product23-03-31Tests.xctest */;
			productType = "com.apple.product-type.bundle.unit-test";
		};
		F33A3AB729D6B11F00E2FC8F /* product23-03-31UITests */ = {
			isa = PBXNativeTarget;
			buildConfigurationList = F33A3AC829D6B11F00E2FC8F /* Build configuration list for PBXNativeTarget "product23-03-31UITests" */;
			buildPhases = (
				F33A3AB429D6B11F00E2FC8F /* Sources */,
				F33A3AB529D6B11F00E2FC8F /* Frameworks */,
				F33A3AB629D6B11F00E2FC8F /* Resources */,
			);
			buildRules = (
			);
			dependencies = (
				F33A3ABA29D6B11F00E2FC8F /* PBXTargetDependency */,
			);
			name = "product23-03-31UITests";
			productName = "product23-03-31UITests";
			productReference = F33A3AB829D6B11F00E2FC8F /* product23-03-31UITests.xctest */;
			productType = "com.apple.product-type.bundle.ui-testing";
		};
/* End PBXNativeTarget section */

/* Begin PBXProject section */
		F33A3A9629D6B11E00E2FC8F /* Project object */ = {
			isa = PBXProject;
			attributes = {
				BuildIndependentTargetsInParallel = 1;
				LastSwiftUpdateCheck = 1410;
				LastUpgradeCheck = 1410;
				TargetAttributes = {
					F33A3A9D29D6B11E00E2FC8F = {
						CreatedOnToolsVersion = 14.1;
					};
					F33A3AAD29D6B11F00E2FC8F = {
						CreatedOnToolsVersion = 14.1;
						TestTargetID = F33A3A9D29D6B11E00E2FC8F;
					};
					F33A3AB729D6B11F00E2FC8F = {
						CreatedOnToolsVersion = 14.1;
						TestTargetID = F33A3A9D29D6B11E00E2FC8F;
					};
				};
			};
			buildConfigurationList = F33A3A9929D6B11E00E2FC8F /* Build configuration list for PBXProject "product23-03-31" */;
			compatibilityVersion = "Xcode 14.0";
			developmentRegion = en;
			hasScannedForEncodings = 0;
			knownRegions = (
				en,
				Base,
			);
			mainGroup = F33A3A9529D6B11E00E2FC8F;
			productRefGroup = F33A3A9F29D6B11E00E2FC8F /* Products */;
			projectDirPath = "";
			projectRoot = "";
			targets = (
				F33A3A9D29D6B11E00E2FC8F /* product23-03-31 */,
				F33A3AAD29D6B11F00E2FC8F /* product23-03-31Tests */,
				F33A3AB729D6B11F00E2FC8F /* product23-03-31UITests */,
			);
		};
/* End PBXProject section */

/* Begin PBXResourcesBuildPhase section */
		F33A3A9C29D6B11E00E2FC8F /* Resources */ = {
			isa = PBXResourcesBuildPhase;
			buildActionMask = 2147483647;
			files = (
				F33A3AA929D6B11F00E2FC8F /* Preview Assets.xcassets in Resources */,
				F33A3AA629D6B11F00E2FC8F /* Assets.xcassets in Resources */,
			);
			runOnlyForDeploymentPostprocessing = 0;
		};
		F33A3AAC29D6B11F00E2FC8F /* Resources */ = {
			isa = PBXResourcesBuildPhase;
			buildActionMask = 2147483647;
			files = (
			);
			runOnlyForDeploymentPostprocessing = 0;
		};
		F33A3AB629D6B11F00E2FC8F /* Resources */ = {
			isa = PBXResourcesBuildPhase;
			buildActionMask = 2147483647;
			files = (
			);
			runOnlyForDeploymentPostprocessing = 0;
		};
/* End PBXResourcesBuildPhase section */

/* Begin PBXSourcesBuildPhase section */
		F33A3A9A29D6B11E00E2FC8F /* Sources */ = {
			isa = PBXSourcesBuildPhase;
			buildActionMask = 2147483647;
			files = (
				F3A10D6529E930420006550B /* CountryDetailView.swift in Sources */,
				F33A3AA429D6B11E00E2FC8F /* ContentView.swift in Sources */,
				F33A3ACC29D6BEB600E2FC8F /* Country.swift in Sources */,
				F33A3AA229D6B11E00E2FC8F /* product23_03_31App.swift in Sources */,
			);
			runOnlyForDeploymentPostprocessing = 0;
		};
		F33A3AAA29D6B11F00E2FC8F /* Sources */ = {
			isa = PBXSourcesBuildPhase;
			buildActionMask = 2147483647;
			files = (
				F33A3AB329D6B11F00E2FC8F /* product23_03_31Tests.swift in Sources */,
			);
			runOnlyForDeploymentPostprocessing = 0;
		};
		F33A3AB429D6B11F00E2FC8F /* Sources */ = {
			isa = PBXSourcesBuildPhase;
			buildActionMask = 2147483647;
			files = (
				F33A3ABF29D6B11F00E2FC8F /* product23_03_31UITestsLaunchTests.swift in Sources */,
				F33A3ABD29D6B11F00E2FC8F /* product23_03_31UITests.swift in Sources */,
			);
			runOnlyForDeploymentPostprocessing = 0;
		};
/* End PBXSourcesBuildPhase section */

/* Begin PBXTargetDependency section */
		F33A3AB029D6B11F00E2FC8F /* PBXTargetDependency */ = {
			isa = PBXTargetDependency;
			target = F33A3A9D29D6B11E00E2FC8F /* product23-03-31 */;
			targetProxy = F33A3AAF29D6B11F00E2FC8F /* PBXContainerItemProxy */;
		};
		F33A3ABA29D6B11F00E2FC8F /* PBXTargetDependency */ = {
			isa = PBXTargetDependency;
			target = F33A3A9D29D6B11E00E2FC8F /* product23-03-31 */;
			targetProxy = F33A3AB929D6B11F00E2FC8F /* PBXContainerItemProxy */;
		};
/* End PBXTargetDependency section */

/* Begin XCBuildConfiguration section */
		F33A3AC029D6B11F00E2FC8F /* Debug */ = {
			isa = XCBuildConfiguration;
			buildSettings = {
				ALWAYS_SEARCH_USER_PATHS = NO;
				CLANG_ANALYZER_NONNULL = YES;
				CLANG_ANALYZER_NUMBER_OBJECT_CONVERSION = YES_AGGRESSIVE;
				CLANG_CXX_LANGUAGE_STANDARD = "gnu++20";
				CLANG_ENABLE_MODULES = YES;
				CLANG_ENABLE_OBJC_ARC = YES;
				CLANG_ENABLE_OBJC_WEAK = YES;
				CLANG_WARN_BLOCK_CAPTURE_AUTORELEASING = YES;
				CLANG_WARN_BOOL_CONVERSION = YES;
				CLANG_WARN_COMMA = YES;
				CLANG_WARN_CONSTANT_CONVERSION = YES;
				CLANG_WARN_DEPRECATED_OBJC_IMPLEMENTATIONS = YES;
				CLANG_WARN_DIRECT_OBJC_ISA_USAGE = YES_ERROR;
				CLANG_WARN_DOCUMENTATION_COMMENTS = YES;
				CLANG_WARN_EMPTY_BODY = YES;
				CLANG_WARN_ENUM_CONVERSION = YES;
				CLANG_WARN_INFINITE_RECURSION = YES;
				CLANG_WARN_INT_CONVERSION = YES;
				CLANG_WARN_NON_LITERAL_NULL_CONVERSION = YES;
				CLANG_WARN_OBJC_IMPLICIT_RETAIN_SELF = YES;
				CLANG_WARN_OBJC_LITERAL_CONVERSION = YES;
				CLANG_WARN_OBJC_ROOT_CLASS = YES_ERROR;
				CLANG_WARN_QUOTED_INCLUDE_IN_FRAMEWORK_HEADER = YES;
				CLANG_WARN_RANGE_LOOP_ANALYSIS = YES;
				CLANG_WARN_STRICT_PROTOTYPES = YES;
				CLANG_WARN_SUSPICIOUS_MOVE = YES;
				CLANG_WARN_UNGUARDED_AVAILABILITY = YES_AGGRESSIVE;
				CLANG_WARN_UNREACHABLE_CODE = YES;
				CLANG_WARN__DUPLICATE_METHOD_MATCH = YES;
				COPY_PHASE_STRIP = NO;
				DEBUG_INFORMATION_FORMAT = dwarf;
				ENABLE_STRICT_OBJC_MSGSEND = YES;
				ENABLE_TESTABILITY = YES;
				GCC_C_LANGUAGE_STANDARD = gnu11;
				GCC_DYNAMIC_NO_PIC = NO;
				GCC_NO_COMMON_BLOCKS = YES;
				GCC_OPTIMIZATION_LEVEL = 0;
				GCC_PREPROCESSOR_DEFINITIONS = (
					"DEBUG=1",
					"$(inherited)",
				);
				GCC_WARN_64_TO_32_BIT_CONVERSION = YES;
				GCC_WARN_ABOUT_RETURN_TYPE = YES_ERROR;
				GCC_WARN_UNDECLARED_SELECTOR = YES;
				GCC_WARN_UNINITIALIZED_AUTOS = YES_AGGRESSIVE;
				GCC_WARN_UNUSED_FUNCTION = YES;
				GCC_WARN_UNUSED_VARIABLE = YES;
				IPHONEOS_DEPLOYMENT_TARGET = 16.1;
				MTL_ENABLE_DEBUG_INFO = INCLUDE_SOURCE;
				MTL_FAST_MATH = YES;
				ONLY_ACTIVE_ARCH = YES;
				SDKROOT = iphoneos;
				SWIFT_ACTIVE_COMPILATION_CONDITIONS = DEBUG;
				SWIFT_OPTIMIZATION_LEVEL = "-Onone";
			};
			name = Debug;
		};
		F33A3AC129D6B11F00E2FC8F /* Release */ = {
			isa = XCBuildConfiguration;
			buildSettings = {
				ALWAYS_SEARCH_USER_PATHS = NO;
				CLANG_ANALYZER_NONNULL = YES;
				CLANG_ANALYZER_NUMBER_OBJECT_CONVERSION = YES_AGGRESSIVE;
				CLANG_CXX_LANGUAGE_STANDARD = "gnu++20";
				CLANG_ENABLE_MODULES = YES;
				CLANG_ENABLE_OBJC_ARC = YES;
				CLANG_ENABLE_OBJC_WEAK = YES;
				CLANG_WARN_BLOCK_CAPTURE_AUTORELEASING = YES;
				CLANG_WARN_BOOL_CONVERSION = YES;
				CLANG_WARN_COMMA = YES;
				CLANG_WARN_CONSTANT_CONVERSION = YES;
				CLANG_WARN_DEPRECATED_OBJC_IMPLEMENTATIONS = YES;
				CLANG_WARN_DIRECT_OBJC_ISA_USAGE = YES_ERROR;
				CLANG_WARN_DOCUMENTATION_COMMENTS = YES;
				CLANG_WARN_EMPTY_BODY = YES;
				CLANG_WARN_ENUM_CONVERSION = YES;
				CLANG_WARN_INFINITE_RECURSION = YES;
				CLANG_WARN_INT_CONVERSION = YES;
				CLANG_WARN_NON_LITERAL_NULL_CONVERSION = YES;
				CLANG_WARN_OBJC_IMPLICIT_RETAIN_SELF = YES;
				CLANG_WARN_OBJC_LITERAL_CONVERSION = YES;
				CLANG_WARN_OBJC_ROOT_CLASS = YES_ERROR;
				CLANG_WARN_QUOTED_INCLUDE_IN_FRAMEWORK_HEADER = YES;
				CLANG_WARN_RANGE_LOOP_ANALYSIS = YES;
				CLANG_WARN_STRICT_PROTOTYPES = YES;
				CLANG_WARN_SUSPICIOUS_MOVE = YES;
				CLANG_WARN_UNGUARDED_AVAILABILITY = YES_AGGRESSIVE;
				CLANG_WARN_UNREACHABLE_CODE = YES;
				CLANG_WARN__DUPLICATE_METHOD_MATCH = YES;
				COPY_PHASE_STRIP = NO;
				DEBUG_INFORMATION_FORMAT = "dwarf-with-dsym";
				ENABLE_NS_ASSERTIONS = NO;
				ENABLE_STRICT_OBJC_MSGSEND = YES;
				GCC_C_LANGUAGE_STANDARD = gnu11;
				GCC_NO_COMMON_BLOCKS = YES;
				GCC_WARN_64_TO_32_BIT_CONVERSION = YES;
				GCC_WARN_ABOUT_RETURN_TYPE = YES_ERROR;
				GCC_WARN_UNDECLARED_SELECTOR = YES;
				GCC_WARN_UNINITIALIZED_AUTOS = YES_AGGRESSIVE;
				GCC_WARN_UNUSED_FUNCTION = YES;
				GCC_WARN_UNUSED_VARIABLE = YES;
				IPHONEOS_DEPLOYMENT_TARGET = 16.1;
				MTL_ENABLE_DEBUG_INFO = NO;
				MTL_FAST_MATH = YES;
				SDKROOT = iphoneos;
				SWIFT_COMPILATION_MODE = wholemodule;
				SWIFT_OPTIMIZATION_LEVEL = "-O";
				VALIDATE_PRODUCT = YES;
			};
			name = Release;
		};
		F33A3AC329D6B11F00E2FC8F /* Debug */ = {
			isa = XCBuildConfiguration;
			buildSettings = {
				ASSETCATALOG_COMPILER_APPICON_NAME = AppIcon;
				ASSETCATALOG_COMPILER_GLOBAL_ACCENT_COLOR_NAME = AccentColor;
				CODE_SIGN_STYLE = Automatic;
				CURRENT_PROJECT_VERSION = 1;
				DEVELOPMENT_ASSET_PATHS = "\"product23-03-31/Preview Content\"";
				ENABLE_PREVIEWS = YES;
				GENERATE_INFOPLIST_FILE = YES;
				INFOPLIST_KEY_UIApplicationSceneManifest_Generation = YES;
				INFOPLIST_KEY_UIApplicationSupportsIndirectInputEvents = YES;
				INFOPLIST_KEY_UILaunchScreen_Generation = YES;
				INFOPLIST_KEY_UISupportedInterfaceOrientations_iPad = "UIInterfaceOrientationPortrait UIInterfaceOrientationPortraitUpsideDown UIInterfaceOrientationLandscapeLeft UIInterfaceOrientationLandscapeRight";
				INFOPLIST_KEY_UISupportedInterfaceOrientations_iPhone = "UIInterfaceOrientationPortrait UIInterfaceOrientationLandscapeLeft UIInterfaceOrientationLandscapeRight";
				LD_RUNPATH_SEARCH_PATHS = (
					"$(inherited)",
					"@executable_path/Frameworks",
				);
				MARKETING_VERSION = 1.0;
				PRODUCT_BUNDLE_IDENTIFIER = "cloud.tamk.product23-03-31";
				PRODUCT_NAME = "$(TARGET_NAME)";
				SWIFT_EMIT_LOC_STRINGS = YES;
				SWIFT_VERSION = 5.0;
				TARGETED_DEVICE_FAMILY = "1,2";
			};
			name = Debug;
		};
		F33A3AC429D6B11F00E2FC8F /* Release */ = {
			isa = XCBuildConfiguration;
			buildSettings = {
				ASSETCATALOG_COMPILER_APPICON_NAME = AppIcon;
				ASSETCATALOG_COMPILER_GLOBAL_ACCENT_COLOR_NAME = AccentColor;
				CODE_SIGN_STYLE = Automatic;
				CURRENT_PROJECT_VERSION = 1;
				DEVELOPMENT_ASSET_PATHS = "\"product23-03-31/Preview Content\"";
				ENABLE_PREVIEWS = YES;
				GENERATE_INFOPLIST_FILE = YES;
				INFOPLIST_KEY_UIApplicationSceneManifest_Generation = YES;
				INFOPLIST_KEY_UIApplicationSupportsIndirectInputEvents = YES;
				INFOPLIST_KEY_UILaunchScreen_Generation = YES;
				INFOPLIST_KEY_UISupportedInterfaceOrientations_iPad = "UIInterfaceOrientationPortrait UIInterfaceOrientationPortraitUpsideDown UIInterfaceOrientationLandscapeLeft UIInterfaceOrientationLandscapeRight";
				INFOPLIST_KEY_UISupportedInterfaceOrientations_iPhone = "UIInterfaceOrientationPortrait UIInterfaceOrientationLandscapeLeft UIInterfaceOrientationLandscapeRight";
				LD_RUNPATH_SEARCH_PATHS = (
					"$(inherited)",
					"@executable_path/Frameworks",
				);
				MARKETING_VERSION = 1.0;
				PRODUCT_BUNDLE_IDENTIFIER = "cloud.tamk.product23-03-31";
				PRODUCT_NAME = "$(TARGET_NAME)";
				SWIFT_EMIT_LOC_STRINGS = YES;
				SWIFT_VERSION = 5.0;
				TARGETED_DEVICE_FAMILY = "1,2";
			};
			name = Release;
		};
		F33A3AC629D6B11F00E2FC8F /* Debug */ = {
			isa = XCBuildConfiguration;
			buildSettings = {
				ALWAYS_EMBED_SWIFT_STANDARD_LIBRARIES = YES;
				BUNDLE_LOADER = "$(TEST_HOST)";
				CODE_SIGN_STYLE = Automatic;
				CURRENT_PROJECT_VERSION = 1;
				GENERATE_INFOPLIST_FILE = YES;
				IPHONEOS_DEPLOYMENT_TARGET = 16.1;
				MARKETING_VERSION = 1.0;
				PRODUCT_BUNDLE_IDENTIFIER = "cloud.tamk.product23-03-31Tests";
				PRODUCT_NAME = "$(TARGET_NAME)";
				SWIFT_EMIT_LOC_STRINGS = NO;
				SWIFT_VERSION = 5.0;
				TARGETED_DEVICE_FAMILY = "1,2";
				TEST_HOST = "$(BUILT_PRODUCTS_DIR)/product23-03-31.app/$(BUNDLE_EXECUTABLE_FOLDER_PATH)/product23-03-31";
			};
			name = Debug;
		};
		F33A3AC729D6B11F00E2FC8F /* Release */ = {
			isa = XCBuildConfiguration;
			buildSettings = {
				ALWAYS_EMBED_SWIFT_STANDARD_LIBRARIES = YES;
				BUNDLE_LOADER = "$(TEST_HOST)";
				CODE_SIGN_STYLE = Automatic;
				CURRENT_PROJECT_VERSION = 1;
				GENERATE_INFOPLIST_FILE = YES;
				IPHONEOS_DEPLOYMENT_TARGET = 16.1;
				MARKETING_VERSION = 1.0;
				PRODUCT_BUNDLE_IDENTIFIER = "cloud.tamk.product23-03-31Tests";
				PRODUCT_NAME = "$(TARGET_NAME)";
				SWIFT_EMIT_LOC_STRINGS = NO;
				SWIFT_VERSION = 5.0;
				TARGETED_DEVICE_FAMILY = "1,2";
				TEST_HOST = "$(BUILT_PRODUCTS_DIR)/product23-03-31.app/$(BUNDLE_EXECUTABLE_FOLDER_PATH)/product23-03-31";
			};
			name = Release;
		};
		F33A3AC929D6B11F00E2FC8F /* Debug */ = {
			isa = XCBuildConfiguration;
			buildSettings = {
				ALWAYS_EMBED_SWIFT_STANDARD_LIBRARIES = YES;
				CODE_SIGN_STYLE = Automatic;
				CURRENT_PROJECT_VERSION = 1;
				GENERATE_INFOPLIST_FILE = YES;
				MARKETING_VERSION = 1.0;
				PRODUCT_BUNDLE_IDENTIFIER = "cloud.tamk.product23-03-31UITests";
				PRODUCT_NAME = "$(TARGET_NAME)";
				SWIFT_EMIT_LOC_STRINGS = NO;
				SWIFT_VERSION = 5.0;
				TARGETED_DEVICE_FAMILY = "1,2";
				TEST_TARGET_NAME = "product23-03-31";
			};
			name = Debug;
		};
		F33A3ACA29D6B11F00E2FC8F /* Release */ = {
			isa = XCBuildConfiguration;
			buildSettings = {
				ALWAYS_EMBED_SWIFT_STANDARD_LIBRARIES = YES;
				CODE_SIGN_STYLE = Automatic;
				CURRENT_PROJECT_VERSION = 1;
				GENERATE_INFOPLIST_FILE = YES;
				MARKETING_VERSION = 1.0;
				PRODUCT_BUNDLE_IDENTIFIER = "cloud.tamk.product23-03-31UITests";
				PRODUCT_NAME = "$(TARGET_NAME)";
				SWIFT_EMIT_LOC_STRINGS = NO;
				SWIFT_VERSION = 5.0;
				TARGETED_DEVICE_FAMILY = "1,2";
				TEST_TARGET_NAME = "product23-03-31";
			};
			name = Release;
		};
/* End XCBuildConfiguration section */

/* Begin XCConfigurationList section */
		F33A3A9929D6B11E00E2FC8F /* Build configuration list for PBXProject "product23-03-31" */ = {
			isa = XCConfigurationList;
			buildConfigurations = (
				F33A3AC029D6B11F00E2FC8F /* Debug */,
				F33A3AC129D6B11F00E2FC8F /* Release */,
			);
			defaultConfigurationIsVisible = 0;
			defaultConfigurationName = Release;
		};
		F33A3AC229D6B11F00E2FC8F /* Build configuration list for PBXNativeTarget "product23-03-31" */ = {
			isa = XCConfigurationList;
			buildConfigurations = (
				F33A3AC329D6B11F00E2FC8F /* Debug */,
				F33A3AC429D6B11F00E2FC8F /* Release */,
			);
			defaultConfigurationIsVisible = 0;
			defaultConfigurationName = Release;
		};
		F33A3AC529D6B11F00E2FC8F /* Build configuration list for PBXNativeTarget "product23-03-31Tests" */ = {
			isa = XCConfigurationList;
			buildConfigurations = (
				F33A3AC629D6B11F00E2FC8F /* Debug */,
				F33A3AC729D6B11F00E2FC8F /* Release */,
			);
			defaultConfigurationIsVisible = 0;
			defaultConfigurationName = Release;
		};
		F33A3AC829D6B11F00E2FC8F /* Build configuration list for PBXNativeTarget "product23-03-31UITests" */ = {
			isa = XCConfigurationList;
			buildConfigurations = (
				F33A3AC929D6B11F00E2FC8F /* Debug */,
				F33A3ACA29D6B11F00E2FC8F /* Release */,
			);
			defaultConfigurationIsVisible = 0;
			defaultConfigurationName = Release;
		};
/* End XCConfigurationList section */
	};
	rootObject = F33A3A9629D6B11E00E2FC8F /* Project object */;
}
